
Microsoft Visual Studio Solution File, Format Version 12.00
# Visual Studio Version 17
VisualStudioVersion = 17.7.34202.233
MinimumVisualStudioVersion = 10.0.40219.1
Project("{FAE04EC0-301F-11D3-BF4B-00C04F79EFBC}") = "BynaryTreeSearch", "BynaryTreeSearch\BynaryTreeSearch.csproj", "{2B89A200-208D-422C-ABE2-3F850D1FD31D}"
EndProject
Global
	GlobalSection(SolutionConfigurationPlatforms) = preSolution
		Debug|Any CPU = Debug|Any CPU
		Release|Any CPU = Release|Any CPU
	EndGlobalSection
	GlobalSection(ProjectConfigurationPlatforms) = postSolution
		{2B89A200-208D-422C-ABE2-3F850D1FD31D}.Debug|Any CPU.ActiveCfg = Debug|Any CPU
		{2B89A200-208D-422C-ABE2-3F850D1FD31D}.Debug|Any CPU.Build.0 = Debug|Any CPU
		{2B89A200-208D-422C-ABE2-3F850D1FD31D}.Release|Any CPU.ActiveCfg = Release|Any CPU
		{2B89A200-208D-422C-ABE2-3F850D1FD31D}.Release|Any CPU.Build.0 = Release|Any CPU
	EndGlobalSection
	GlobalSection(SolutionProperties) = preSolution
		HideSolutionNode = FALSE
	EndGlobalSection
	GlobalSection(ExtensibilityGlobals) = postSolution
		SolutionGuid = {299C24F3-FCC7-4CA2-A428-EBC7802A2E0E}
	EndGlobalSection
EndGlobal
